// !$*UTF8*$!
{
	archiveVersion = 1;
	classes = {
	};
	objectVersion = 46;
	objects = {

/* Begin PBXBuildFile section */
		12D83D9602B7C4C5C29D61E6 /* libPods-JiKeTouTiao.a in Frameworks */ = {isa = PBXBuildFile; fileRef = B27F17CD2B8E397B6EDBD561 /* libPods-JiKeTouTiao.a */; };
		D43762741DD2FCA1004A62E8 /* Main.storyboard in Resources */ = {isa = PBXBuildFile; fileRef = D43762721DD2FCA1004A62E8 /* Main.storyboard */; };
		D43762771DD2FCA1004A62E8 /* JiKeTouTiao.xcdatamodeld in Sources */ = {isa = PBXBuildFile; fileRef = D43762751DD2FCA1004A62E8 /* JiKeTouTiao.xcdatamodeld */; };
		D43762791DD2FCA1004A62E8 /* Assets.xcassets in Resources */ = {isa = PBXBuildFile; fileRef = D43762781DD2FCA1004A62E8 /* Assets.xcassets */; };
		D437627C1DD2FCA1004A62E8 /* LaunchScreen.storyboard in Resources */ = {isa = PBXBuildFile; fileRef = D437627A1DD2FCA1004A62E8 /* LaunchScreen.storyboard */; };
		D43762871DD2FCA1004A62E8 /* JiKeTouTiaoTests.m in Sources */ = {isa = PBXBuildFile; fileRef = D43762861DD2FCA1004A62E8 /* JiKeTouTiaoTests.m */; };
		D43762921DD2FCA1004A62E8 /* JiKeTouTiaoUITests.m in Sources */ = {isa = PBXBuildFile; fileRef = D43762911DD2FCA1004A62E8 /* JiKeTouTiaoUITests.m */; };
		D43762BB1DD2FFBA004A62E8 /* AppDelegate.m in Sources */ = {isa = PBXBuildFile; fileRef = D43762A91DD2FFBA004A62E8 /* AppDelegate.m */; };
		D43762BC1DD2FFBA004A62E8 /* main.m in Sources */ = {isa = PBXBuildFile; fileRef = D43762AA1DD2FFBA004A62E8 /* main.m */; };
		D43762C11DD30102004A62E8 /* AFNetWorkRequest.m in Sources */ = {isa = PBXBuildFile; fileRef = D43762C01DD30102004A62E8 /* AFNetWorkRequest.m */; };
		D43762C71DD3020B004A62E8 /* ScienceViewController.m in Sources */ = {isa = PBXBuildFile; fileRef = D43762C61DD3020B004A62E8 /* ScienceViewController.m */; };
		D43762CA1DD30235004A62E8 /* VideoViewController.m in Sources */ = {isa = PBXBuildFile; fileRef = D43762C91DD30235004A62E8 /* VideoViewController.m */; };
		D43762CD1DD30284004A62E8 /* CrowdfundingViewController.m in Sources */ = {isa = PBXBuildFile; fileRef = D43762CC1DD30284004A62E8 /* CrowdfundingViewController.m */; };
		D43762D01DD302E5004A62E8 /* SettingViewController.m in Sources */ = {isa = PBXBuildFile; fileRef = D43762CF1DD302E5004A62E8 /* SettingViewController.m */; };
		D43762D91DD30736004A62E8 /* TabBarViewController.m in Sources */ = {isa = PBXBuildFile; fileRef = D43762D81DD30736004A62E8 /* TabBarViewController.m */; };
		D43762DC1DD3077F004A62E8 /* JiKeNavigationViewController.m in Sources */ = {isa = PBXBuildFile; fileRef = D43762DB1DD3077F004A62E8 /* JiKeNavigationViewController.m */; };
		D43762DF1DD30CCF004A62E8 /* HomeNewsModel.m in Sources */ = {isa = PBXBuildFile; fileRef = D43762DE1DD30CCF004A62E8 /* HomeNewsModel.m */; };
		D43762E31DD31209004A62E8 /* UIView+UIViewExtension.m in Sources */ = {isa = PBXBuildFile; fileRef = D43762E21DD31209004A62E8 /* UIView+UIViewExtension.m */; };
		D43762E71DD31858004A62E8 /* HomeNewsTableViewCell.m in Sources */ = {isa = PBXBuildFile; fileRef = D43762E51DD31858004A62E8 /* HomeNewsTableViewCell.m */; };
		D43762E81DD31858004A62E8 /* HomeNewsTableViewCell.xib in Resources */ = {isa = PBXBuildFile; fileRef = D43762E61DD31858004A62E8 /* HomeNewsTableViewCell.xib */; };
		D43762EB1DD31C10004A62E8 /* HomeNewsViewController.m in Sources */ = {isa = PBXBuildFile; fileRef = D43762EA1DD31C10004A62E8 /* HomeNewsViewController.m */; };
		D43762EE1DD32C4F004A62E8 /* HomeNewsWebViewController.m in Sources */ = {isa = PBXBuildFile; fileRef = D43762ED1DD32C4F004A62E8 /* HomeNewsWebViewController.m */; };
		D43763381DD47418004A62E8 /* CrowdFundingTableViewCell.m in Sources */ = {isa = PBXBuildFile; fileRef = D43763361DD47418004A62E8 /* CrowdFundingTableViewCell.m */; };
		D43763391DD47418004A62E8 /* CrowdFundingTableViewCell.xib in Resources */ = {isa = PBXBuildFile; fileRef = D43763371DD47418004A62E8 /* CrowdFundingTableViewCell.xib */; };
		D437633C1DD47463004A62E8 /* CrowdfundingModel.m in Sources */ = {isa = PBXBuildFile; fileRef = D437633B1DD47463004A62E8 /* CrowdfundingModel.m */; };
		D437633F1DD4847F004A62E8 /* CrowdfundingNewsWebViewController.m in Sources */ = {isa = PBXBuildFile; fileRef = D437633E1DD4847F004A62E8 /* CrowdfundingNewsWebViewController.m */; };
		D437634F1DD71B9F004A62E8 /* JiKeVideoModel.m in Sources */ = {isa = PBXBuildFile; fileRef = D437634E1DD71B9F004A62E8 /* JiKeVideoModel.m */; };
		D43763531DD71D13004A62E8 /* JiKeVideoTableViewCell.m in Sources */ = {isa = PBXBuildFile; fileRef = D43763511DD71D13004A62E8 /* JiKeVideoTableViewCell.m */; };
		D43763541DD71D13004A62E8 /* JiKeVideoTableViewCell.xib in Resources */ = {isa = PBXBuildFile; fileRef = D43763521DD71D13004A62E8 /* JiKeVideoTableViewCell.xib */; };
/* End PBXBuildFile section */

/* Begin PBXContainerItemProxy section */
		D43762831DD2FCA1004A62E8 /* PBXContainerItemProxy */ = {
			isa = PBXContainerItemProxy;
			containerPortal = D437625E1DD2FCA1004A62E8 /* Project object */;
			proxyType = 1;
			remoteGlobalIDString = D43762651DD2FCA1004A62E8;
			remoteInfo = JiKeTouTiao;
		};
		D437628E1DD2FCA1004A62E8 /* PBXContainerItemProxy */ = {
			isa = PBXContainerItemProxy;
			containerPortal = D437625E1DD2FCA1004A62E8 /* Project object */;
			proxyType = 1;
			remoteGlobalIDString = D43762651DD2FCA1004A62E8;
			remoteInfo = JiKeTouTiao;
		};
/* End PBXContainerItemProxy section */

/* Begin PBXFileReference section */
		45AC6491FD69A8220214A745 /* Pods-JiKeTouTiao.release.xcconfig */ = {isa = PBXFileReference; includeInIndex = 1; lastKnownFileType = text.xcconfig; name = "Pods-JiKeTouTiao.release.xcconfig"; path = "Pods/Target Support Files/Pods-JiKeTouTiao/Pods-JiKeTouTiao.release.xcconfig"; sourceTree = "<group>"; };
		A88B6D53D553F89F4894640F /* Pods-JiKeTouTiao.debug.xcconfig */ = {isa = PBXFileReference; includeInIndex = 1; lastKnownFileType = text.xcconfig; name = "Pods-JiKeTouTiao.debug.xcconfig"; path = "Pods/Target Support Files/Pods-JiKeTouTiao/Pods-JiKeTouTiao.debug.xcconfig"; sourceTree = "<group>"; };
		B27F17CD2B8E397B6EDBD561 /* libPods-JiKeTouTiao.a */ = {isa = PBXFileReference; explicitFileType = archive.ar; includeInIndex = 0; path = "libPods-JiKeTouTiao.a"; sourceTree = BUILT_PRODUCTS_DIR; };
		D43762661DD2FCA1004A62E8 /* JiKeTouTiao.app */ = {isa = PBXFileReference; explicitFileType = wrapper.application; includeInIndex = 0; path = JiKeTouTiao.app; sourceTree = BUILT_PRODUCTS_DIR; };
		D43762731DD2FCA1004A62E8 /* Base */ = {isa = PBXFileReference; lastKnownFileType = file.storyboard; name = Base; path = Base.lproj/Main.storyboard; sourceTree = "<group>"; };
		D43762761DD2FCA1004A62E8 /* JiKeTouTiao.xcdatamodel */ = {isa = PBXFileReference; lastKnownFileType = wrapper.xcdatamodel; path = JiKeTouTiao.xcdatamodel; sourceTree = "<group>"; };
		D43762781DD2FCA1004A62E8 /* Assets.xcassets */ = {isa = PBXFileReference; lastKnownFileType = folder.assetcatalog; path = Assets.xcassets; sourceTree = "<group>"; };
		D437627B1DD2FCA1004A62E8 /* Base */ = {isa = PBXFileReference; lastKnownFileType = file.storyboard; name = Base; path = Base.lproj/LaunchScreen.storyboard; sourceTree = "<group>"; };
		D437627D1DD2FCA1004A62E8 /* Info.plist */ = {isa = PBXFileReference; lastKnownFileType = text.plist.xml; path = Info.plist; sourceTree = "<group>"; };
		D43762821DD2FCA1004A62E8 /* JiKeTouTiaoTests.xctest */ = {isa = PBXFileReference; explicitFileType = wrapper.cfbundle; includeInIndex = 0; path = JiKeTouTiaoTests.xctest; sourceTree = BUILT_PRODUCTS_DIR; };
		D43762861DD2FCA1004A62E8 /* JiKeTouTiaoTests.m */ = {isa = PBXFileReference; lastKnownFileType = sourcecode.c.objc; path = JiKeTouTiaoTests.m; sourceTree = "<group>"; };
		D43762881DD2FCA1004A62E8 /* Info.plist */ = {isa = PBXFileReference; lastKnownFileType = text.plist.xml; path = Info.plist; sourceTree = "<group>"; };
		D437628D1DD2FCA1004A62E8 /* JiKeTouTiaoUITests.xctest */ = {isa = PBXFileReference; explicitFileType = wrapper.cfbundle; includeInIndex = 0; path = JiKeTouTiaoUITests.xctest; sourceTree = BUILT_PRODUCTS_DIR; };
		D43762911DD2FCA1004A62E8 /* JiKeTouTiaoUITests.m */ = {isa = PBXFileReference; lastKnownFileType = sourcecode.c.objc; path = JiKeTouTiaoUITests.m; sourceTree = "<group>"; };
		D43762931DD2FCA1004A62E8 /* Info.plist */ = {isa = PBXFileReference; lastKnownFileType = text.plist.xml; path = Info.plist; sourceTree = "<group>"; };
		D43762A81DD2FFBA004A62E8 /* AppDelegate.h */ = {isa = PBXFileReference; fileEncoding = 4; lastKnownFileType = sourcecode.c.h; path = AppDelegate.h; sourceTree = "<group>"; };
		D43762A91DD2FFBA004A62E8 /* AppDelegate.m */ = {isa = PBXFileReference; fileEncoding = 4; lastKnownFileType = sourcecode.c.objc; path = AppDelegate.m; sourceTree = "<group>"; };
		D43762AA1DD2FFBA004A62E8 /* main.m */ = {isa = PBXFileReference; fileEncoding = 4; lastKnownFileType = sourcecode.c.objc; path = main.m; sourceTree = "<group>"; };
		D43762BD1DD3005E004A62E8 /* PrefixHeader.pch */ = {isa = PBXFileReference; fileEncoding = 4; lastKnownFileType = sourcecode.c.h; path = PrefixHeader.pch; sourceTree = "<group>"; };
		D43762BF1DD30102004A62E8 /* AFNetWorkRequest.h */ = {isa = PBXFileReference; fileEncoding = 4; lastKnownFileType = sourcecode.c.h; path = AFNetWorkRequest.h; sourceTree = "<group>"; };
		D43762C01DD30102004A62E8 /* AFNetWorkRequest.m */ = {isa = PBXFileReference; fileEncoding = 4; lastKnownFileType = sourcecode.c.objc; path = AFNetWorkRequest.m; sourceTree = "<group>"; };
		D43762C51DD3020B004A62E8 /* ScienceViewController.h */ = {isa = PBXFileReference; fileEncoding = 4; lastKnownFileType = sourcecode.c.h; path = ScienceViewController.h; sourceTree = "<group>"; };
		D43762C61DD3020B004A62E8 /* ScienceViewController.m */ = {isa = PBXFileReference; fileEncoding = 4; lastKnownFileType = sourcecode.c.objc; path = ScienceViewController.m; sourceTree = "<group>"; };
		D43762C81DD30235004A62E8 /* VideoViewController.h */ = {isa = PBXFileReference; fileEncoding = 4; lastKnownFileType = sourcecode.c.h; path = VideoViewController.h; sourceTree = "<group>"; };
		D43762C91DD30235004A62E8 /* VideoViewController.m */ = {isa = PBXFileReference; fileEncoding = 4; lastKnownFileType = sourcecode.c.objc; path = VideoViewController.m; sourceTree = "<group>"; };
		D43762CB1DD30284004A62E8 /* CrowdfundingViewController.h */ = {isa = PBXFileReference; fileEncoding = 4; lastKnownFileType = sourcecode.c.h; path = CrowdfundingViewController.h; sourceTree = "<group>"; };
		D43762CC1DD30284004A62E8 /* CrowdfundingViewController.m */ = {isa = PBXFileReference; fileEncoding = 4; lastKnownFileType = sourcecode.c.objc; path = CrowdfundingViewController.m; sourceTree = "<group>"; };
		D43762CE1DD302E5004A62E8 /* SettingViewController.h */ = {isa = PBXFileReference; fileEncoding = 4; lastKnownFileType = sourcecode.c.h; path = SettingViewController.h; sourceTree = "<group>"; };
		D43762CF1DD302E5004A62E8 /* SettingViewController.m */ = {isa = PBXFileReference; fileEncoding = 4; lastKnownFileType = sourcecode.c.objc; path = SettingViewController.m; sourceTree = "<group>"; };
		D43762D71DD30736004A62E8 /* TabBarViewController.h */ = {isa = PBXFileReference; fileEncoding = 4; lastKnownFileType = sourcecode.c.h; path = TabBarViewController.h; sourceTree = "<group>"; };
		D43762D81DD30736004A62E8 /* TabBarViewController.m */ = {isa = PBXFileReference; fileEncoding = 4; lastKnownFileType = sourcecode.c.objc; path = TabBarViewController.m; sourceTree = "<group>"; };
		D43762DA1DD3077F004A62E8 /* JiKeNavigationViewController.h */ = {isa = PBXFileReference; fileEncoding = 4; lastKnownFileType = sourcecode.c.h; path = JiKeNavigationViewController.h; sourceTree = "<group>"; };
		D43762DB1DD3077F004A62E8 /* JiKeNavigationViewController.m */ = {isa = PBXFileReference; fileEncoding = 4; lastKnownFileType = sourcecode.c.objc; path = JiKeNavigationViewController.m; sourceTree = "<group>"; };
		D43762DD1DD30CCF004A62E8 /* HomeNewsModel.h */ = {isa = PBXFileReference; fileEncoding = 4; lastKnownFileType = sourcecode.c.h; path = HomeNewsModel.h; sourceTree = "<group>"; };
		D43762DE1DD30CCF004A62E8 /* HomeNewsModel.m */ = {isa = PBXFileReference; fileEncoding = 4; lastKnownFileType = sourcecode.c.objc; path = HomeNewsModel.m; sourceTree = "<group>"; };
		D43762E11DD31209004A62E8 /* UIView+UIViewExtension.h */ = {isa = PBXFileReference; fileEncoding = 4; lastKnownFileType = sourcecode.c.h; path = "UIView+UIViewExtension.h"; sourceTree = "<group>"; };
		D43762E21DD31209004A62E8 /* UIView+UIViewExtension.m */ = {isa = PBXFileReference; fileEncoding = 4; lastKnownFileType = sourcecode.c.objc; path = "UIView+UIViewExtension.m"; sourceTree = "<group>"; };
		D43762E41DD31858004A62E8 /* HomeNewsTableViewCell.h */ = {isa = PBXFileReference; fileEncoding = 4; lastKnownFileType = sourcecode.c.h; path = HomeNewsTableViewCell.h; sourceTree = "<group>"; };
		D43762E51DD31858004A62E8 /* HomeNewsTableViewCell.m */ = {isa = PBXFileReference; fileEncoding = 4; lastKnownFileType = sourcecode.c.objc; path = HomeNewsTableViewCell.m; sourceTree = "<group>"; };
		D43762E61DD31858004A62E8 /* HomeNewsTableViewCell.xib */ = {isa = PBXFileReference; fileEncoding = 4; lastKnownFileType = file.xib; path = HomeNewsTableViewCell.xib; sourceTree = "<group>"; };
		D43762E91DD31C10004A62E8 /* HomeNewsViewController.h */ = {isa = PBXFileReference; fileEncoding = 4; lastKnownFileType = sourcecode.c.h; path = HomeNewsViewController.h; sourceTree = "<group>"; };
		D43762EA1DD31C10004A62E8 /* HomeNewsViewController.m */ = {isa = PBXFileReference; fileEncoding = 4; lastKnownFileType = sourcecode.c.objc; path = HomeNewsViewController.m; sourceTree = "<group>"; };
		D43762EC1DD32C4F004A62E8 /* HomeNewsWebViewController.h */ = {isa = PBXFileReference; fileEncoding = 4; lastKnownFileType = sourcecode.c.h; path = HomeNewsWebViewController.h; sourceTree = "<group>"; };
		D43762ED1DD32C4F004A62E8 /* HomeNewsWebViewController.m */ = {isa = PBXFileReference; fileEncoding = 4; lastKnownFileType = sourcecode.c.objc; path = HomeNewsWebViewController.m; sourceTree = "<group>"; };
		D43763351DD47418004A62E8 /* CrowdFundingTableViewCell.h */ = {isa = PBXFileReference; fileEncoding = 4; lastKnownFileType = sourcecode.c.h; path = CrowdFundingTableViewCell.h; sourceTree = "<group>"; };
		D43763361DD47418004A62E8 /* CrowdFundingTableViewCell.m */ = {isa = PBXFileReference; fileEncoding = 4; lastKnownFileType = sourcecode.c.objc; path = CrowdFundingTableViewCell.m; sourceTree = "<group>"; };
		D43763371DD47418004A62E8 /* CrowdFundingTableViewCell.xib */ = {isa = PBXFileReference; fileEncoding = 4; lastKnownFileType = file.xib; path = CrowdFundingTableViewCell.xib; sourceTree = "<group>"; };
		D437633A1DD47463004A62E8 /* CrowdfundingModel.h */ = {isa = PBXFileReference; fileEncoding = 4; lastKnownFileType = sourcecode.c.h; path = CrowdfundingModel.h; sourceTree = "<group>"; };
		D437633B1DD47463004A62E8 /* CrowdfundingModel.m */ = {isa = PBXFileReference; fileEncoding = 4; lastKnownFileType = sourcecode.c.objc; path = CrowdfundingModel.m; sourceTree = "<group>"; };
		D437633D1DD4847F004A62E8 /* CrowdfundingNewsWebViewController.h */ = {isa = PBXFileReference; fileEncoding = 4; lastKnownFileType = sourcecode.c.h; path = CrowdfundingNewsWebViewController.h; sourceTree = "<group>"; };
		D437633E1DD4847F004A62E8 /* CrowdfundingNewsWebViewController.m */ = {isa = PBXFileReference; fileEncoding = 4; lastKnownFileType = sourcecode.c.objc; path = CrowdfundingNewsWebViewController.m; sourceTree = "<group>"; };
		D437634D1DD71B9F004A62E8 /* JiKeVideoModel.h */ = {isa = PBXFileReference; fileEncoding = 4; lastKnownFileType = sourcecode.c.h; path = JiKeVideoModel.h; sourceTree = "<group>"; };
		D437634E1DD71B9F004A62E8 /* JiKeVideoModel.m */ = {isa = PBXFileReference; fileEncoding = 4; lastKnownFileType = sourcecode.c.objc; path = JiKeVideoModel.m; sourceTree = "<group>"; };
		D43763501DD71D13004A62E8 /* JiKeVideoTableViewCell.h */ = {isa = PBXFileReference; fileEncoding = 4; lastKnownFileType = sourcecode.c.h; path = JiKeVideoTableViewCell.h; sourceTree = "<group>"; };
		D43763511DD71D13004A62E8 /* JiKeVideoTableViewCell.m */ = {isa = PBXFileReference; fileEncoding = 4; lastKnownFileType = sourcecode.c.objc; path = JiKeVideoTableViewCell.m; sourceTree = "<group>"; };
		D43763521DD71D13004A62E8 /* JiKeVideoTableViewCell.xib */ = {isa = PBXFileReference; fileEncoding = 4; lastKnownFileType = file.xib; path = JiKeVideoTableViewCell.xib; sourceTree = "<group>"; };
/* End PBXFileReference section */

/* Begin PBXFrameworksBuildPhase section */
		D43762631DD2FCA1004A62E8 /* Frameworks */ = {
			isa = PBXFrameworksBuildPhase;
			buildActionMask = 2147483647;
			files = (
				12D83D9602B7C4C5C29D61E6 /* libPods-JiKeTouTiao.a in Frameworks */,
			);
			runOnlyForDeploymentPostprocessing = 0;
		};
		D437627F1DD2FCA1004A62E8 /* Frameworks */ = {
			isa = PBXFrameworksBuildPhase;
			buildActionMask = 2147483647;
			files = (
			);
			runOnlyForDeploymentPostprocessing = 0;
		};
		D437628A1DD2FCA1004A62E8 /* Frameworks */ = {
			isa = PBXFrameworksBuildPhase;
			buildActionMask = 2147483647;
			files = (
			);
			runOnlyForDeploymentPostprocessing = 0;
		};
/* End PBXFrameworksBuildPhase section */

/* Begin PBXGroup section */
		1B03173B4C9F00222A749325 /* Pods */ = {
			isa = PBXGroup;
			children = (
				A88B6D53D553F89F4894640F /* Pods-JiKeTouTiao.debug.xcconfig */,
				45AC6491FD69A8220214A745 /* Pods-JiKeTouTiao.release.xcconfig */,
			);
			name = Pods;
			sourceTree = "<group>";
		};
		81FC732842669F91E706DF70 /* Frameworks */ = {
			isa = PBXGroup;
			children = (
				B27F17CD2B8E397B6EDBD561 /* libPods-JiKeTouTiao.a */,
			);
			name = Frameworks;
			sourceTree = "<group>";
		};
		D437625D1DD2FCA1004A62E8 = {
			isa = PBXGroup;
			children = (
				D43762681DD2FCA1004A62E8 /* JiKeTouTiao */,
				D43762851DD2FCA1004A62E8 /* JiKeTouTiaoTests */,
				D43762901DD2FCA1004A62E8 /* JiKeTouTiaoUITests */,
				D43762671DD2FCA1004A62E8 /* Products */,
				1B03173B4C9F00222A749325 /* Pods */,
				81FC732842669F91E706DF70 /* Frameworks */,
			);
			sourceTree = "<group>";
		};
		D43762671DD2FCA1004A62E8 /* Products */ = {
			isa = PBXGroup;
			children = (
				D43762661DD2FCA1004A62E8 /* JiKeTouTiao.app */,
				D43762821DD2FCA1004A62E8 /* JiKeTouTiaoTests.xctest */,
				D437628D1DD2FCA1004A62E8 /* JiKeTouTiaoUITests.xctest */,
			);
			name = Products;
			sourceTree = "<group>";
		};
		D43762681DD2FCA1004A62E8 /* JiKeTouTiao */ = {
			isa = PBXGroup;
			children = (
				D437629F1DD2FFBA004A62E8 /* Classes */,
				D43762751DD2FCA1004A62E8 /* JiKeTouTiao.xcdatamodeld */,
				D43762691DD2FCA1004A62E8 /* Supporting Files */,
			);
			path = JiKeTouTiao;
			sourceTree = "<group>";
		};
		D43762691DD2FCA1004A62E8 /* Supporting Files */ = {
			isa = PBXGroup;
			children = (
				D43762BD1DD3005E004A62E8 /* PrefixHeader.pch */,
				D43762781DD2FCA1004A62E8 /* Assets.xcassets */,
				D437627A1DD2FCA1004A62E8 /* LaunchScreen.storyboard */,
				D437627D1DD2FCA1004A62E8 /* Info.plist */,
			);
			name = "Supporting Files";
			sourceTree = "<group>";
		};
		D43762851DD2FCA1004A62E8 /* JiKeTouTiaoTests */ = {
			isa = PBXGroup;
			children = (
				D43762861DD2FCA1004A62E8 /* JiKeTouTiaoTests.m */,
				D43762881DD2FCA1004A62E8 /* Info.plist */,
			);
			path = JiKeTouTiaoTests;
			sourceTree = "<group>";
		};
		D43762901DD2FCA1004A62E8 /* JiKeTouTiaoUITests */ = {
			isa = PBXGroup;
			children = (
				D43762911DD2FCA1004A62E8 /* JiKeTouTiaoUITests.m */,
				D43762931DD2FCA1004A62E8 /* Info.plist */,
			);
			path = JiKeTouTiaoUITests;
			sourceTree = "<group>";
		};
		D437629F1DD2FFBA004A62E8 /* Classes */ = {
			isa = PBXGroup;
			children = (
				D43762AB1DD2FFBA004A62E8 /* 头条 */,
				D43762AF1DD2FFBA004A62E8 /* 科技 */,
				D43762B31DD2FFBA004A62E8 /* 视频 */,
				D43762A01DD2FFBA004A62E8 /* 众筹 */,
				D43762B71DD2FFBA004A62E8 /* 设置 */,
				D43762A41DD2FFBA004A62E8 /* 其他 */,
			);
			path = Classes;
			sourceTree = "<group>";
		};
		D43762A01DD2FFBA004A62E8 /* 众筹 */ = {
			isa = PBXGroup;
			children = (
				D43762A11DD2FFBA004A62E8 /* Controller */,
				D43762A21DD2FFBA004A62E8 /* Model */,
				D43762A31DD2FFBA004A62E8 /* View */,
			);
			path = "众筹";
			sourceTree = "<group>";
		};
		D43762A11DD2FFBA004A62E8 /* Controller */ = {
			isa = PBXGroup;
			children = (
				D43762CB1DD30284004A62E8 /* CrowdfundingViewController.h */,
				D43762CC1DD30284004A62E8 /* CrowdfundingViewController.m */,
				D437633D1DD4847F004A62E8 /* CrowdfundingNewsWebViewController.h */,
				D437633E1DD4847F004A62E8 /* CrowdfundingNewsWebViewController.m */,
			);
			path = Controller;
			sourceTree = "<group>";
		};
		D43762A21DD2FFBA004A62E8 /* Model */ = {
			isa = PBXGroup;
			children = (
				D437633A1DD47463004A62E8 /* CrowdfundingModel.h */,
				D437633B1DD47463004A62E8 /* CrowdfundingModel.m */,
			);
			path = Model;
			sourceTree = "<group>";
		};
		D43762A31DD2FFBA004A62E8 /* View */ = {
			isa = PBXGroup;
			children = (
				D43763351DD47418004A62E8 /* CrowdFundingTableViewCell.h */,
				D43763361DD47418004A62E8 /* CrowdFundingTableViewCell.m */,
				D43763371DD47418004A62E8 /* CrowdFundingTableViewCell.xib */,
			);
			path = View;
			sourceTree = "<group>";
		};
		D43762A41DD2FFBA004A62E8 /* 其他 */ = {
			isa = PBXGroup;
			children = (
				D43762E01DD31209004A62E8 /* Category */,
				D43762BE1DD30102004A62E8 /* NetWorkRequest */,
				D43762A51DD2FFBA004A62E8 /* Controller */,
				D43762A61DD2FFBA004A62E8 /* Model */,
				D43762A71DD2FFBA004A62E8 /* View */,
			);
			path = "其他";
			sourceTree = "<group>";
		};
		D43762A51DD2FFBA004A62E8 /* Controller */ = {
			isa = PBXGroup;
			children = (
				D43762D71DD30736004A62E8 /* TabBarViewController.h */,
				D43762D81DD30736004A62E8 /* TabBarViewController.m */,
				D43762DA1DD3077F004A62E8 /* JiKeNavigationViewController.h */,
				D43762DB1DD3077F004A62E8 /* JiKeNavigationViewController.m */,
			);
			path = Controller;
			sourceTree = "<group>";
		};
		D43762A61DD2FFBA004A62E8 /* Model */ = {
			isa = PBXGroup;
			children = (
			);
			path = Model;
			sourceTree = "<group>";
		};
		D43762A71DD2FFBA004A62E8 /* View */ = {
			isa = PBXGroup;
			children = (
				D43762721DD2FCA1004A62E8 /* Main.storyboard */,
				D43762A81DD2FFBA004A62E8 /* AppDelegate.h */,
				D43762A91DD2FFBA004A62E8 /* AppDelegate.m */,
				D43762AA1DD2FFBA004A62E8 /* main.m */,
			);
			path = View;
			sourceTree = "<group>";
		};
		D43762AB1DD2FFBA004A62E8 /* 头条 */ = {
			isa = PBXGroup;
			children = (
				D43762AC1DD2FFBA004A62E8 /* Controller */,
				D43762AD1DD2FFBA004A62E8 /* Model */,
				D43762AE1DD2FFBA004A62E8 /* View */,
			);
			path = "头条";
			sourceTree = "<group>";
		};
		D43762AC1DD2FFBA004A62E8 /* Controller */ = {
			isa = PBXGroup;
			children = (
				D43762E91DD31C10004A62E8 /* HomeNewsViewController.h */,
				D43762EA1DD31C10004A62E8 /* HomeNewsViewController.m */,
				D43762EC1DD32C4F004A62E8 /* HomeNewsWebViewController.h */,
				D43762ED1DD32C4F004A62E8 /* HomeNewsWebViewController.m */,
			);
			path = Controller;
			sourceTree = "<group>";
		};
		D43762AD1DD2FFBA004A62E8 /* Model */ = {
			isa = PBXGroup;
			children = (
				D43762DD1DD30CCF004A62E8 /* HomeNewsModel.h */,
				D43762DE1DD30CCF004A62E8 /* HomeNewsModel.m */,
			);
			path = Model;
			sourceTree = "<group>";
		};
		D43762AE1DD2FFBA004A62E8 /* View */ = {
			isa = PBXGroup;
			children = (
				D43762E41DD31858004A62E8 /* HomeNewsTableViewCell.h */,
				D43762E51DD31858004A62E8 /* HomeNewsTableViewCell.m */,
				D43762E61DD31858004A62E8 /* HomeNewsTableViewCell.xib */,
			);
			path = View;
			sourceTree = "<group>";
		};
		D43762AF1DD2FFBA004A62E8 /* 科技 */ = {
			isa = PBXGroup;
			children = (
				D43762B01DD2FFBA004A62E8 /* Controller */,
				D43762B11DD2FFBA004A62E8 /* Model */,
				D43762B21DD2FFBA004A62E8 /* View */,
			);
			path = "科技";
			sourceTree = "<group>";
		};
		D43762B01DD2FFBA004A62E8 /* Controller */ = {
			isa = PBXGroup;
			children = (
				D43762C51DD3020B004A62E8 /* ScienceViewController.h */,
				D43762C61DD3020B004A62E8 /* ScienceViewController.m */,
			);
			path = Controller;
			sourceTree = "<group>";
		};
		D43762B11DD2FFBA004A62E8 /* Model */ = {
			isa = PBXGroup;
			children = (
			);
			path = Model;
			sourceTree = "<group>";
		};
		D43762B21DD2FFBA004A62E8 /* View */ = {
			isa = PBXGroup;
			children = (
			);
			path = View;
			sourceTree = "<group>";
		};
		D43762B31DD2FFBA004A62E8 /* 视频 */ = {
			isa = PBXGroup;
			children = (
				D43762B41DD2FFBA004A62E8 /* Controller */,
				D43762B51DD2FFBA004A62E8 /* Model */,
				D43762B61DD2FFBA004A62E8 /* View */,
			);
			path = "视频";
			sourceTree = "<group>";
		};
		D43762B41DD2FFBA004A62E8 /* Controller */ = {
			isa = PBXGroup;
			children = (
				D43762C81DD30235004A62E8 /* VideoViewController.h */,
				D43762C91DD30235004A62E8 /* VideoViewController.m */,
			);
			path = Controller;
			sourceTree = "<group>";
		};
		D43762B51DD2FFBA004A62E8 /* Model */ = {
			isa = PBXGroup;
			children = (
				D437634D1DD71B9F004A62E8 /* JiKeVideoModel.h */,
				D437634E1DD71B9F004A62E8 /* JiKeVideoModel.m */,
			);
			path = Model;
			sourceTree = "<group>";
		};
		D43762B61DD2FFBA004A62E8 /* View */ = {
			isa = PBXGroup;
			children = (
				D43763501DD71D13004A62E8 /* JiKeVideoTableViewCell.h */,
				D43763511DD71D13004A62E8 /* JiKeVideoTableViewCell.m */,
				D43763521DD71D13004A62E8 /* JiKeVideoTableViewCell.xib */,
			);
			path = View;
			sourceTree = "<group>";
		};
		D43762B71DD2FFBA004A62E8 /* 设置 */ = {
			isa = PBXGroup;
			children = (
				D43762B81DD2FFBA004A62E8 /* Controller */,
				D43762B91DD2FFBA004A62E8 /* Model */,
				D43762BA1DD2FFBA004A62E8 /* View */,
			);
			path = "设置";
			sourceTree = "<group>";
		};
		D43762B81DD2FFBA004A62E8 /* Controller */ = {
			isa = PBXGroup;
			children = (
				D43762CE1DD302E5004A62E8 /* SettingViewController.h */,
				D43762CF1DD302E5004A62E8 /* SettingViewController.m */,
			);
			path = Controller;
			sourceTree = "<group>";
		};
		D43762B91DD2FFBA004A62E8 /* Model */ = {
			isa = PBXGroup;
			children = (
			);
			path = Model;
			sourceTree = "<group>";
		};
		D43762BA1DD2FFBA004A62E8 /* View */ = {
			isa = PBXGroup;
			children = (
			);
			path = View;
			sourceTree = "<group>";
		};
		D43762BE1DD30102004A62E8 /* NetWorkRequest */ = {
			isa = PBXGroup;
			children = (
				D43762BF1DD30102004A62E8 /* AFNetWorkRequest.h */,
				D43762C01DD30102004A62E8 /* AFNetWorkRequest.m */,
			);
			path = NetWorkRequest;
			sourceTree = "<group>";
		};
		D43762E01DD31209004A62E8 /* Category */ = {
			isa = PBXGroup;
			children = (
				D43762E11DD31209004A62E8 /* UIView+UIViewExtension.h */,
				D43762E21DD31209004A62E8 /* UIView+UIViewExtension.m */,
			);
			path = Category;
			sourceTree = "<group>";
		};
/* End PBXGroup section */

/* Begin PBXNativeTarget section */
		D43762651DD2FCA1004A62E8 /* JiKeTouTiao */ = {
			isa = PBXNativeTarget;
			buildConfigurationList = D43762961DD2FCA1004A62E8 /* Build configuration list for PBXNativeTarget "JiKeTouTiao" */;
			buildPhases = (
				86E0E56D03BC0BE71CC73442 /* [CP] Check Pods Manifest.lock */,
				D43762621DD2FCA1004A62E8 /* Sources */,
				D43762631DD2FCA1004A62E8 /* Frameworks */,
				D43762641DD2FCA1004A62E8 /* Resources */,
				3F17B36EFA698B9119B2DE2F /* [CP] Embed Pods Frameworks */,
				F98DFE8397F87F91F8227DA2 /* [CP] Copy Pods Resources */,
			);
			buildRules = (
			);
			dependencies = (
			);
			name = JiKeTouTiao;
			productName = JiKeTouTiao;
			productReference = D43762661DD2FCA1004A62E8 /* JiKeTouTiao.app */;
			productType = "com.apple.product-type.application";
		};
		D43762811DD2FCA1004A62E8 /* JiKeTouTiaoTests */ = {
			isa = PBXNativeTarget;
			buildConfigurationList = D43762991DD2FCA1004A62E8 /* Build configuration list for PBXNativeTarget "JiKeTouTiaoTests" */;
			buildPhases = (
				D437627E1DD2FCA1004A62E8 /* Sources */,
				D437627F1DD2FCA1004A62E8 /* Frameworks */,
				D43762801DD2FCA1004A62E8 /* Resources */,
			);
			buildRules = (
			);
			dependencies = (
				D43762841DD2FCA1004A62E8 /* PBXTargetDependency */,
			);
			name = JiKeTouTiaoTests;
			productName = JiKeTouTiaoTests;
			productReference = D43762821DD2FCA1004A62E8 /* JiKeTouTiaoTests.xctest */;
			productType = "com.apple.product-type.bundle.unit-test";
		};
		D437628C1DD2FCA1004A62E8 /* JiKeTouTiaoUITests */ = {
			isa = PBXNativeTarget;
			buildConfigurationList = D437629C1DD2FCA1004A62E8 /* Build configuration list for PBXNativeTarget "JiKeTouTiaoUITests" */;
			buildPhases = (
				D43762891DD2FCA1004A62E8 /* Sources */,
				D437628A1DD2FCA1004A62E8 /* Frameworks */,
				D437628B1DD2FCA1004A62E8 /* Resources */,
			);
			buildRules = (
			);
			dependencies = (
				D437628F1DD2FCA1004A62E8 /* PBXTargetDependency */,
			);
			name = JiKeTouTiaoUITests;
			productName = JiKeTouTiaoUITests;
			productReference = D437628D1DD2FCA1004A62E8 /* JiKeTouTiaoUITests.xctest */;
			productType = "com.apple.product-type.bundle.ui-testing";
		};
/* End PBXNativeTarget section */

/* Begin PBXProject section */
		D437625E1DD2FCA1004A62E8 /* Project object */ = {
			isa = PBXProject;
			attributes = {
				LastUpgradeCheck = 0810;
				ORGANIZATIONNAME = "嚼华";
				TargetAttributes = {
					D43762651DD2FCA1004A62E8 = {
						CreatedOnToolsVersion = 8.1;
						ProvisioningStyle = Automatic;
					};
					D43762811DD2FCA1004A62E8 = {
						CreatedOnToolsVersion = 8.1;
						ProvisioningStyle = Automatic;
						TestTargetID = D43762651DD2FCA1004A62E8;
					};
					D437628C1DD2FCA1004A62E8 = {
						CreatedOnToolsVersion = 8.1;
						ProvisioningStyle = Automatic;
						TestTargetID = D43762651DD2FCA1004A62E8;
					};
				};
			};
			buildConfigurationList = D43762611DD2FCA1004A62E8 /* Build configuration list for PBXProject "JiKeTouTiao" */;
			compatibilityVersion = "Xcode 3.2";
			developmentRegion = English;
			hasScannedForEncodings = 0;
			knownRegions = (
				en,
				Base,
			);
			mainGroup = D437625D1DD2FCA1004A62E8;
			productRefGroup = D43762671DD2FCA1004A62E8 /* Products */;
			projectDirPath = "";
			projectRoot = "";
			targets = (
				D43762651DD2FCA1004A62E8 /* JiKeTouTiao */,
				D43762811DD2FCA1004A62E8 /* JiKeTouTiaoTests */,
				D437628C1DD2FCA1004A62E8 /* JiKeTouTiaoUITests */,
			);
		};
/* End PBXProject section */

/* Begin PBXResourcesBuildPhase section */
		D43762641DD2FCA1004A62E8 /* Resources */ = {
			isa = PBXResourcesBuildPhase;
			buildActionMask = 2147483647;
			files = (
				D43763391DD47418004A62E8 /* CrowdFundingTableViewCell.xib in Resources */,
				D437627C1DD2FCA1004A62E8 /* LaunchScreen.storyboard in Resources */,
				D43762791DD2FCA1004A62E8 /* Assets.xcassets in Resources */,
				D43762741DD2FCA1004A62E8 /* Main.storyboard in Resources */,
				D43763541DD71D13004A62E8 /* JiKeVideoTableViewCell.xib in Resources */,
				D43762E81DD31858004A62E8 /* HomeNewsTableViewCell.xib in Resources */,
			);
			runOnlyForDeploymentPostprocessing = 0;
		};
		D43762801DD2FCA1004A62E8 /* Resources */ = {
			isa = PBXResourcesBuildPhase;
			buildActionMask = 2147483647;
			files = (
			);
			runOnlyForDeploymentPostprocessing = 0;
		};
		D437628B1DD2FCA1004A62E8 /* Resources */ = {
			isa = PBXResourcesBuildPhase;
			buildActionMask = 2147483647;
			files = (
			);
			runOnlyForDeploymentPostprocessing = 0;
		};
/* End PBXResourcesBuildPhase section */

/* Begin PBXShellScriptBuildPhase section */
		3F17B36EFA698B9119B2DE2F /* [CP] Embed Pods Frameworks */ = {
			isa = PBXShellScriptBuildPhase;
			buildActionMask = 2147483647;
			files = (
			);
			inputPaths = (
			);
			name = "[CP] Embed Pods Frameworks";
			outputPaths = (
			);
			runOnlyForDeploymentPostprocessing = 0;
			shellPath = /bin/sh;
			shellScript = "\"${SRCROOT}/Pods/Target Support Files/Pods-JiKeTouTiao/Pods-JiKeTouTiao-frameworks.sh\"\n";
			showEnvVarsInLog = 0;
		};
		86E0E56D03BC0BE71CC73442 /* [CP] Check Pods Manifest.lock */ = {
			isa = PBXShellScriptBuildPhase;
			buildActionMask = 2147483647;
			files = (
			);
			inputPaths = (
			);
			name = "[CP] Check Pods Manifest.lock";
			outputPaths = (
			);
			runOnlyForDeploymentPostprocessing = 0;
			shellPath = /bin/sh;
			shellScript = "diff \"${PODS_ROOT}/../Podfile.lock\" \"${PODS_ROOT}/Manifest.lock\" > /dev/null\nif [[ $? != 0 ]] ; then\n    cat << EOM\nerror: The sandbox is not in sync with the Podfile.lock. Run 'pod install' or update your CocoaPods installation.\nEOM\n    exit 1\nfi\n";
			showEnvVarsInLog = 0;
		};
		F98DFE8397F87F91F8227DA2 /* [CP] Copy Pods Resources */ = {
			isa = PBXShellScriptBuildPhase;
			buildActionMask = 2147483647;
			files = (
			);
			inputPaths = (
			);
			name = "[CP] Copy Pods Resources";
			outputPaths = (
			);
			runOnlyForDeploymentPostprocessing = 0;
			shellPath = /bin/sh;
			shellScript = "\"${SRCROOT}/Pods/Target Support Files/Pods-JiKeTouTiao/Pods-JiKeTouTiao-resources.sh\"\n";
			showEnvVarsInLog = 0;
		};
/* End PBXShellScriptBuildPhase section */

/* Begin PBXSourcesBuildPhase section */
		D43762621DD2FCA1004A62E8 /* Sources */ = {
			isa = PBXSourcesBuildPhase;
			buildActionMask = 2147483647;
			files = (
				D43763531DD71D13004A62E8 /* JiKeVideoTableViewCell.m in Sources */,
				D43762D91DD30736004A62E8 /* TabBarViewController.m in Sources */,
				D43762E31DD31209004A62E8 /* UIView+UIViewExtension.m in Sources */,
				D43763381DD47418004A62E8 /* CrowdFundingTableViewCell.m in Sources */,
				D43762CD1DD30284004A62E8 /* CrowdfundingViewController.m in Sources */,
				D43762771DD2FCA1004A62E8 /* JiKeTouTiao.xcdatamodeld in Sources */,
				D43762EE1DD32C4F004A62E8 /* HomeNewsWebViewController.m in Sources */,
				D43762E71DD31858004A62E8 /* HomeNewsTableViewCell.m in Sources */,
				D43762C71DD3020B004A62E8 /* ScienceViewController.m in Sources */,
				D43762DF1DD30CCF004A62E8 /* HomeNewsModel.m in Sources */,
				D437633C1DD47463004A62E8 /* CrowdfundingModel.m in Sources */,
				D437634F1DD71B9F004A62E8 /* JiKeVideoModel.m in Sources */,
				D43762DC1DD3077F004A62E8 /* JiKeNavigationViewController.m in Sources */,
				D43762BC1DD2FFBA004A62E8 /* main.m in Sources */,
				D43762D01DD302E5004A62E8 /* SettingViewController.m in Sources */,
				D43762CA1DD30235004A62E8 /* VideoViewController.m in Sources */,
				D437633F1DD4847F004A62E8 /* CrowdfundingNewsWebViewController.m in Sources */,
				D43762EB1DD31C10004A62E8 /* HomeNewsViewController.m in Sources */,
				D43762BB1DD2FFBA004A62E8 /* AppDelegate.m in Sources */,
				D43762C11DD30102004A62E8 /* AFNetWorkRequest.m in Sources */,
			);
			runOnlyForDeploymentPostprocessing = 0;
		};
		D437627E1DD2FCA1004A62E8 /* Sources */ = {
			isa = PBXSourcesBuildPhase;
			buildActionMask = 2147483647;
			files = (
				D43762871DD2FCA1004A62E8 /* JiKeTouTiaoTests.m in Sources */,
			);
			runOnlyForDeploymentPostprocessing = 0;
		};
		D43762891DD2FCA1004A62E8 /* Sources */ = {
			isa = PBXSourcesBuildPhase;
			buildActionMask = 2147483647;
			files = (
				D43762921DD2FCA1004A62E8 /* JiKeTouTiaoUITests.m in Sources */,
			);
			runOnlyForDeploymentPostprocessing = 0;
		};
/* End PBXSourcesBuildPhase section */

/* Begin PBXTargetDependency section */
		D43762841DD2FCA1004A62E8 /* PBXTargetDependency */ = {
			isa = PBXTargetDependency;
			target = D43762651DD2FCA1004A62E8 /* JiKeTouTiao */;
			targetProxy = D43762831DD2FCA1004A62E8 /* PBXContainerItemProxy */;
		};
		D437628F1DD2FCA1004A62E8 /* PBXTargetDependency */ = {
			isa = PBXTargetDependency;
			target = D43762651DD2FCA1004A62E8 /* JiKeTouTiao */;
			targetProxy = D437628E1DD2FCA1004A62E8 /* PBXContainerItemProxy */;
		};
/* End PBXTargetDependency section */

/* Begin PBXVariantGroup section */
		D43762721DD2FCA1004A62E8 /* Main.storyboard */ = {
			isa = PBXVariantGroup;
			children = (
				D43762731DD2FCA1004A62E8 /* Base */,
			);
			name = Main.storyboard;
			path = ../../..;
			sourceTree = "<group>";
		};
		D437627A1DD2FCA1004A62E8 /* LaunchScreen.storyboard */ = {
			isa = PBXVariantGroup;
			children = (
				D437627B1DD2FCA1004A62E8 /* Base */,
			);
			name = LaunchScreen.storyboard;
			sourceTree = "<group>";
		};
/* End PBXVariantGroup section */

/* Begin XCBuildConfiguration section */
		D43762941DD2FCA1004A62E8 /* Debug */ = {
			isa = XCBuildConfiguration;
			buildSettings = {
				ALWAYS_SEARCH_USER_PATHS = NO;
				CLANG_ANALYZER_NONNULL = YES;
				CLANG_CXX_LANGUAGE_STANDARD = "gnu++0x";
				CLANG_CXX_LIBRARY = "libc++";
				CLANG_ENABLE_MODULES = YES;
				CLANG_ENABLE_OBJC_ARC = YES;
				CLANG_WARN_BOOL_CONVERSION = YES;
				CLANG_WARN_CONSTANT_CONVERSION = YES;
				CLANG_WARN_DIRECT_OBJC_ISA_USAGE = YES_ERROR;
				CLANG_WARN_DOCUMENTATION_COMMENTS = YES;
				CLANG_WARN_EMPTY_BODY = YES;
				CLANG_WARN_ENUM_CONVERSION = YES;
				CLANG_WARN_INFINITE_RECURSION = YES;
				CLANG_WARN_INT_CONVERSION = YES;
				CLANG_WARN_OBJC_ROOT_CLASS = YES_ERROR;
				CLANG_WARN_SUSPICIOUS_MOVES = YES;
				CLANG_WARN_UNREACHABLE_CODE = YES;
				CLANG_WARN__DUPLICATE_METHOD_MATCH = YES;
				"CODE_SIGN_IDENTITY[sdk=iphoneos*]" = "iPhone Developer";
				COPY_PHASE_STRIP = NO;
				DEBUG_INFORMATION_FORMAT = dwarf;
				ENABLE_STRICT_OBJC_MSGSEND = YES;
				ENABLE_TESTABILITY = YES;
				GCC_C_LANGUAGE_STANDARD = gnu99;
				GCC_DYNAMIC_NO_PIC = NO;
				GCC_NO_COMMON_BLOCKS = YES;
				GCC_OPTIMIZATION_LEVEL = 0;
				GCC_PREFIX_HEADER = "$(SRCROOT)/JiKeTouTiao/PrefixHeader.pch";
				GCC_PREPROCESSOR_DEFINITIONS = (
					"DEBUG=1",
					"$(inherited)",
				);
				GCC_WARN_64_TO_32_BIT_CONVERSION = YES;
				GCC_WARN_ABOUT_RETURN_TYPE = YES_ERROR;
				GCC_WARN_UNDECLARED_SELECTOR = YES;
				GCC_WARN_UNINITIALIZED_AUTOS = YES_AGGRESSIVE;
				GCC_WARN_UNUSED_FUNCTION = YES;
				GCC_WARN_UNUSED_VARIABLE = YES;
				IPHONEOS_DEPLOYMENT_TARGET = 10.1;
				MTL_ENABLE_DEBUG_INFO = YES;
				ONLY_ACTIVE_ARCH = YES;
				SDKROOT = iphoneos;
			};
			name = Debug;
		};
		D43762951DD2FCA1004A62E8 /* Release */ = {
			isa = XCBuildConfiguration;
			buildSettings = {
				ALWAYS_SEARCH_USER_PATHS = NO;
				CLANG_ANALYZER_NONNULL = YES;
				CLANG_CXX_LANGUAGE_STANDARD = "gnu++0x";
				CLANG_CXX_LIBRARY = "libc++";
				CLANG_ENABLE_MODULES = YES;
				CLANG_ENABLE_OBJC_ARC = YES;
				CLANG_WARN_BOOL_CONVERSION = YES;
				CLANG_WARN_CONSTANT_CONVERSION = YES;
				CLANG_WARN_DIRECT_OBJC_ISA_USAGE = YES_ERROR;
				CLANG_WARN_DOCUMENTATION_COMMENTS = YES;
				CLANG_WARN_EMPTY_BODY = YES;
				CLANG_WARN_ENUM_CONVERSION = YES;
				CLANG_WARN_INFINITE_RECURSION = YES;
				CLANG_WARN_INT_CONVERSION = YES;
				CLANG_WARN_OBJC_ROOT_CLASS = YES_ERROR;
				CLANG_WARN_SUSPICIOUS_MOVES = YES;
				CLANG_WARN_UNREACHABLE_CODE = YES;
				CLANG_WARN__DUPLICATE_METHOD_MATCH = YES;
				"CODE_SIGN_IDENTITY[sdk=iphoneos*]" = "iPhone Developer";
				COPY_PHASE_STRIP = NO;
				DEBUG_INFORMATION_FORMAT = "dwarf-with-dsym";
				ENABLE_NS_ASSERTIONS = NO;
				ENABLE_STRICT_OBJC_MSGSEND = YES;
				GCC_C_LANGUAGE_STANDARD = gnu99;
				GCC_NO_COMMON_BLOCKS = YES;
				GCC_PREFIX_HEADER = "$(SRCROOT)/JiKeTouTiao/PrefixHeader.pch";
				GCC_WARN_64_TO_32_BIT_CONVERSION = YES;
				GCC_WARN_ABOUT_RETURN_TYPE = YES_ERROR;
				GCC_WARN_UNDECLARED_SELECTOR = YES;
				GCC_WARN_UNINITIALIZED_AUTOS = YES_AGGRESSIVE;
				GCC_WARN_UNUSED_FUNCTION = YES;
				GCC_WARN_UNUSED_VARIABLE = YES;
				IPHONEOS_DEPLOYMENT_TARGET = 10.1;
				MTL_ENABLE_DEBUG_INFO = NO;
				SDKROOT = iphoneos;
				VALIDATE_PRODUCT = YES;
			};
			name = Release;
		};
		D43762971DD2FCA1004A62E8 /* Debug */ = {
			isa = XCBuildConfiguration;
			baseConfigurationReference = A88B6D53D553F89F4894640F /* Pods-JiKeTouTiao.debug.xcconfig */;
			buildSettings = {
				ASSETCATALOG_COMPILER_APPICON_NAME = AppIcon;
				ASSETCATALOG_COMPILER_LAUNCHIMAGE_NAME = LaunchImage;
				INFOPLIST_FILE = JiKeTouTiao/Info.plist;
				IPHONEOS_DEPLOYMENT_TARGET = 10.1;
				LD_RUNPATH_SEARCH_PATHS = "$(inherited) @executable_path/Frameworks";
				PRODUCT_BUNDLE_IDENTIFIER = com.baidu.JiKeTouTiao;
				PRODUCT_NAME = "$(TARGET_NAME)";
			};
			name = Debug;
		};
		D43762981DD2FCA1004A62E8 /* Release */ = {
			isa = XCBuildConfiguration;
			baseConfigurationReference = 45AC6491FD69A8220214A745 /* Pods-JiKeTouTiao.release.xcconfig */;
			buildSettings = {
				ASSETCATALOG_COMPILER_APPICON_NAME = AppIcon;
				ASSETCATALOG_COMPILER_LAUNCHIMAGE_NAME = LaunchImage;
				INFOPLIST_FILE = JiKeTouTiao/Info.plist;
				IPHONEOS_DEPLOYMENT_TARGET = 10.1;
				LD_RUNPATH_SEARCH_PATHS = "$(inherited) @executable_path/Frameworks";
				PRODUCT_BUNDLE_IDENTIFIER = com.baidu.JiKeTouTiao;
				PRODUCT_NAME = "$(TARGET_NAME)";
			};
			name = Release;
		};
		D437629A1DD2FCA1004A62E8 /* Debug */ = {
			isa = XCBuildConfiguration;
			buildSettings = {
				BUNDLE_LOADER = "$(TEST_HOST)";
				INFOPLIST_FILE = JiKeTouTiaoTests/Info.plist;
				LD_RUNPATH_SEARCH_PATHS = "$(inherited) @executable_path/Frameworks @loader_path/Frameworks";
				PRODUCT_BUNDLE_IDENTIFIER = com.baidu.JiKeTouTiaoTests;
				PRODUCT_NAME = "$(TARGET_NAME)";
				TEST_HOST = "$(BUILT_PRODUCTS_DIR)/JiKeTouTiao.app/JiKeTouTiao";
			};
			name = Debug;
		};
		D437629B1DD2FCA1004A62E8 /* Release */ = {
			isa = XCBuildConfiguration;
			buildSettings = {
				BUNDLE_LOADER = "$(TEST_HOST)";
				INFOPLIST_FILE = JiKeTouTiaoTests/Info.plist;
				LD_RUNPATH_SEARCH_PATHS = "$(inherited) @executable_path/Frameworks @loader_path/Frameworks";
				PRODUCT_BUNDLE_IDENTIFIER = com.baidu.JiKeTouTiaoTests;
				PRODUCT_NAME = "$(TARGET_NAME)";
				TEST_HOST = "$(BUILT_PRODUCTS_DIR)/JiKeTouTiao.app/JiKeTouTiao";
			};
			name = Release;
		};
		D437629D1DD2FCA1004A62E8 /* Debug */ = {
			isa = XCBuildConfiguration;
			buildSettings = {
				INFOPLIST_FILE = JiKeTouTiaoUITests/Info.plist;
				LD_RUNPATH_SEARCH_PATHS = "$(inherited) @executable_path/Frameworks @loader_path/Frameworks";
				PRODUCT_BUNDLE_IDENTIFIER = com.baidu.JiKeTouTiaoUITests;
				PRODUCT_NAME = "$(TARGET_NAME)";
				TEST_TARGET_NAME = JiKeTouTiao;
			};
			name = Debug;
		};
		D437629E1DD2FCA1004A62E8 /* Release */ = {
			isa = XCBuildConfiguration;
			buildSettings = {
				INFOPLIST_FILE = JiKeTouTiaoUITests/Info.plist;
				LD_RUNPATH_SEARCH_PATHS = "$(inherited) @executable_path/Frameworks @loader_path/Frameworks";
				PRODUCT_BUNDLE_IDENTIFIER = com.baidu.JiKeTouTiaoUITests;
				PRODUCT_NAME = "$(TARGET_NAME)";
				TEST_TARGET_NAME = JiKeTouTiao;
			};
			name = Release;
		};
/* End XCBuildConfiguration section */

/* Begin XCConfigurationList section */
		D43762611DD2FCA1004A62E8 /* Build configuration list for PBXProject "JiKeTouTiao" */ = {
			isa = XCConfigurationList;
			buildConfigurations = (
				D43762941DD2FCA1004A62E8 /* Debug */,
				D43762951DD2FCA1004A62E8 /* Release */,
			);
			defaultConfigurationIsVisible = 0;
			defaultConfigurationName = Release;
		};
		D43762961DD2FCA1004A62E8 /* Build configuration list for PBXNativeTarget "JiKeTouTiao" */ = {
			isa = XCConfigurationList;
			buildConfigurations = (
				D43762971DD2FCA1004A62E8 /* Debug */,
				D43762981DD2FCA1004A62E8 /* Release */,
			);
			defaultConfigurationIsVisible = 0;
			defaultConfigurationName = Release;
		};
		D43762991DD2FCA1004A62E8 /* Build configuration list for PBXNativeTarget "JiKeTouTiaoTests" */ = {
			isa = XCConfigurationList;
			buildConfigurations = (
				D437629A1DD2FCA1004A62E8 /* Debug */,
				D437629B1DD2FCA1004A62E8 /* Release */,
			);
			defaultConfigurationIsVisible = 0;
			defaultConfigurationName = Release;
		};
		D437629C1DD2FCA1004A62E8 /* Build configuration list for PBXNativeTarget "JiKeTouTiaoUITests" */ = {
			isa = XCConfigurationList;
			buildConfigurations = (
				D437629D1DD2FCA1004A62E8 /* Debug */,
				D437629E1DD2FCA1004A62E8 /* Release */,
			);
			defaultConfigurationIsVisible = 0;
			defaultConfigurationName = Release;
		};
/* End XCConfigurationList section */

/* Begin XCVersionGroup section */
		D43762751DD2FCA1004A62E8 /* JiKeTouTiao.xcdatamodeld */ = {
			isa = XCVersionGroup;
			children = (
				D43762761DD2FCA1004A62E8 /* JiKeTouTiao.xcdatamodel */,
			);
			currentVersion = D43762761DD2FCA1004A62E8 /* JiKeTouTiao.xcdatamodel */;
			path = JiKeTouTiao.xcdatamodeld;
			sourceTree = "<group>";
			versionGroupType = wrapper.xcdatamodel;
		};
/* End XCVersionGroup section */
	};
	rootObject = D437625E1DD2FCA1004A62E8 /* Project object */;
}
